
Microsoft Visual Studio Solution File, Format Version 12.00
# Visual Studio 2013
VisualStudioVersion = 12.0.21005.1
MinimumVisualStudioVersion = 10.0.40219.1
Project("{FAE04EC0-301F-11D3-BF4B-00C04F79EFBC}") = "DotNetTransformer", "..\DotNetTransformer\DotNetTransformer_vs2013.csproj", "{09AD5107-2437-4B3A-81DB-0C882615BB88}"
EndProject
Project("{FAE04EC0-301F-11D3-BF4B-00C04F79EFBC}") = "Test", "..\DotNetTransformer\Test_vs2013.csproj", "{A4BA1E3B-4C96-4280-ABA1-1A1747E2038A}"
EndProject
Global
	GlobalSection(SolutionConfigurationPlatforms) = preSolution
		Debug|Any CPU = Debug|Any CPU
		Release|Any CPU = Release|Any CPU
	EndGlobalSection
	GlobalSection(ProjectConfigurationPlatforms) = postSolution
		{09AD5107-2437-4B3A-81DB-0C882615BB88}.Debug|Any CPU.ActiveCfg = Debug|Any CPU
		{09AD5107-2437-4B3A-81DB-0C882615BB88}.Debug|Any CPU.Build.0 = Debug|Any CPU
		{09AD5107-2437-4B3A-81DB-0C882615BB88}.Release|Any CPU.ActiveCfg = Release|Any CPU
		{09AD5107-2437-4B3A-81DB-0C882615BB88}.Release|Any CPU.Build.0 = Release|Any CPU
		{A4BA1E3B-4C96-4280-ABA1-1A1747E2038A}.Debug|Any CPU.ActiveCfg = Debug|Any CPU
		{A4BA1E3B-4C96-4280-ABA1-1A1747E2038A}.Debug|Any CPU.Build.0 = Debug|Any CPU
		{A4BA1E3B-4C96-4280-ABA1-1A1747E2038A}.Release|Any CPU.ActiveCfg = Release|Any CPU
		{A4BA1E3B-4C96-4280-ABA1-1A1747E2038A}.Release|Any CPU.Build.0 = Release|Any CPU
	EndGlobalSection
	GlobalSection(SolutionProperties) = preSolution
		HideSolutionNode = FALSE
	EndGlobalSection
EndGlobal
